// !$*UTF8*$!
{
	archiveVersion = 1;
	classes = {
	};
	objectVersion = 46;
	objects = {

/* Begin PBXBuildFile section */
		CC0C5E911D48720A00713E48 /* Localizable.strings in Resources */ = {isa = PBXBuildFile; fileRef = CC0C5E931D48720A00713E48 /* Localizable.strings */; };
		CC0C5E991D4891D100713E48 /* GoogleService-Info.plist in Resources */ = {isa = PBXBuildFile; fileRef = CC0C5E981D4891D100713E48 /* GoogleService-Info.plist */; };
		CC0C5F5E1D48A79200713E48 /* libicucore.A.tbd in Frameworks */ = {isa = PBXBuildFile; fileRef = CC0C5F5C1D48A79200713E48 /* libicucore.A.tbd */; };
		CC0C5F5F1D48A79200713E48 /* libicucore.tbd in Frameworks */ = {isa = PBXBuildFile; fileRef = CC0C5F5D1D48A79200713E48 /* libicucore.tbd */; };
		CC76013B1D48ABB10078DBFC /* AdSupport.framework in Frameworks */ = {isa = PBXBuildFile; fileRef = CC76013A1D48ABB10078DBFC /* AdSupport.framework */; };
		CC76013D1D48ABBD0078DBFC /* AudioToolbox.framework in Frameworks */ = {isa = PBXBuildFile; fileRef = CC76013C1D48ABBD0078DBFC /* AudioToolbox.framework */; };
		CC76013F1D48ABC60078DBFC /* AVFoundation.framework in Frameworks */ = {isa = PBXBuildFile; fileRef = CC76013E1D48ABC60078DBFC /* AVFoundation.framework */; };
		CC7601411D48ABD80078DBFC /* CoreGraphics.framework in Frameworks */ = {isa = PBXBuildFile; fileRef = CC7601401D48ABD80078DBFC /* CoreGraphics.framework */; };
		CC7601431D48ABE60078DBFC /* CoreTelephony.framework in Frameworks */ = {isa = PBXBuildFile; fileRef = CC7601421D48ABE60078DBFC /* CoreTelephony.framework */; };
		CC7601451D48ABEF0078DBFC /* EventKit.framework in Frameworks */ = {isa = PBXBuildFile; fileRef = CC7601441D48ABEF0078DBFC /* EventKit.framework */; };
		CC7601471D48ABF70078DBFC /* EventKitUI.framework in Frameworks */ = {isa = PBXBuildFile; fileRef = CC7601461D48ABF70078DBFC /* EventKitUI.framework */; };
		CC7601491D48AC0A0078DBFC /* MediaPlayer.framework in Frameworks */ = {isa = PBXBuildFile; fileRef = CC7601481D48AC0A0078DBFC /* MediaPlayer.framework */; };
		CC76014B1D48AC120078DBFC /* MessageUI.framework in Frameworks */ = {isa = PBXBuildFile; fileRef = CC76014A1D48AC120078DBFC /* MessageUI.framework */; };
		CC76014D1D48AC190078DBFC /* StoreKit.framework in Frameworks */ = {isa = PBXBuildFile; fileRef = CC76014C1D48AC190078DBFC /* StoreKit.framework */; };
		CC76014F1D48AC210078DBFC /* SystemConfiguration.framework in Frameworks */ = {isa = PBXBuildFile; fileRef = CC76014E1D48AC210078DBFC /* SystemConfiguration.framework */; };
		CCD7B4D61D4766C00084142C /* main.m in Sources */ = {isa = PBXBuildFile; fileRef = CCD7B4D51D4766C00084142C /* main.m */; };
		CCD7B4D91D4766C00084142C /* AppDelegate.m in Sources */ = {isa = PBXBuildFile; fileRef = CCD7B4D81D4766C00084142C /* AppDelegate.m */; };
		CCD7B4DC1D4766C00084142C /* ViewController.m in Sources */ = {isa = PBXBuildFile; fileRef = CCD7B4DB1D4766C00084142C /* ViewController.m */; };
		CCD7B4DF1D4766C00084142C /* Main.storyboard in Resources */ = {isa = PBXBuildFile; fileRef = CCD7B4DD1D4766C00084142C /* Main.storyboard */; };
		CCD7B4E11D4766C00084142C /* Assets.xcassets in Resources */ = {isa = PBXBuildFile; fileRef = CCD7B4E01D4766C00084142C /* Assets.xcassets */; };
		CCD7B4E41D4766C00084142C /* LaunchScreen.storyboard in Resources */ = {isa = PBXBuildFile; fileRef = CCD7B4E21D4766C00084142C /* LaunchScreen.storyboard */; };
		CCD7B4EF1D4766C00084142C /* ClickBombTests.m in Sources */ = {isa = PBXBuildFile; fileRef = CCD7B4EE1D4766C00084142C /* ClickBombTests.m */; };
		CCD7B4FA1D4766C00084142C /* ClickBombUITests.m in Sources */ = {isa = PBXBuildFile; fileRef = CCD7B4F91D4766C00084142C /* ClickBombUITests.m */; };
		CCD7B50B1D476DBE0084142C /* UIView+Geometry.m in Sources */ = {isa = PBXBuildFile; fileRef = CCD7B5081D476DBE0084142C /* UIView+Geometry.m */; };
		CCD7B50C1D476DBE0084142C /* UIView+IBInspect.m in Sources */ = {isa = PBXBuildFile; fileRef = CCD7B50A1D476DBE0084142C /* UIView+IBInspect.m */; };
		CCD7B50F1D47725C0084142C /* UIColor+TAToolkit.m in Sources */ = {isa = PBXBuildFile; fileRef = CCD7B50E1D47725C0084142C /* UIColor+TAToolkit.m */; };
/* End PBXBuildFile section */

/* Begin PBXContainerItemProxy section */
		CCD7B4EB1D4766C00084142C /* PBXContainerItemProxy */ = {
			isa = PBXContainerItemProxy;
			containerPortal = CCD7B4C91D4766C00084142C /* Project object */;
			proxyType = 1;
			remoteGlobalIDString = CCD7B4D01D4766C00084142C;
			remoteInfo = ClickBomb;
		};
		CCD7B4F61D4766C00084142C /* PBXContainerItemProxy */ = {
			isa = PBXContainerItemProxy;
			containerPortal = CCD7B4C91D4766C00084142C /* Project object */;
			proxyType = 1;
			remoteGlobalIDString = CCD7B4D01D4766C00084142C;
			remoteInfo = ClickBomb;
		};
/* End PBXContainerItemProxy section */

/* Begin PBXFileReference section */
		29B5523FF91A0483CE0D9031 /* Pods-ClickBombTests.debug.xcconfig */ = {isa = PBXFileReference; includeInIndex = 1; lastKnownFileType = text.xcconfig; name = "Pods-ClickBombTests.debug.xcconfig"; path = "Pods/Target Support Files/Pods-ClickBombTests/Pods-ClickBombTests.debug.xcconfig"; sourceTree = "<group>"; };
		358B09994C764BA0EB124035 /* Pods-ClickBombUITests.release.xcconfig */ = {isa = PBXFileReference; includeInIndex = 1; lastKnownFileType = text.xcconfig; name = "Pods-ClickBombUITests.release.xcconfig"; path = "Pods/Target Support Files/Pods-ClickBombUITests/Pods-ClickBombUITests.release.xcconfig"; sourceTree = "<group>"; };
		4375640BF1F4025D4ADC83BA /* Pods-ClickBombTests.release.xcconfig */ = {isa = PBXFileReference; includeInIndex = 1; lastKnownFileType = text.xcconfig; name = "Pods-ClickBombTests.release.xcconfig"; path = "Pods/Target Support Files/Pods-ClickBombTests/Pods-ClickBombTests.release.xcconfig"; sourceTree = "<group>"; };
		6491D634D2ED152CAD405A8F /* Pods-ClickBombUITests.debug.xcconfig */ = {isa = PBXFileReference; includeInIndex = 1; lastKnownFileType = text.xcconfig; name = "Pods-ClickBombUITests.debug.xcconfig"; path = "Pods/Target Support Files/Pods-ClickBombUITests/Pods-ClickBombUITests.debug.xcconfig"; sourceTree = "<group>"; };
		CC0C5E921D48720A00713E48 /* en */ = {isa = PBXFileReference; lastKnownFileType = text.plist.strings; name = en; path = en.lproj/Localizable.strings; sourceTree = "<group>"; };
		CC0C5E951D48726100713E48 /* zh-Hans */ = {isa = PBXFileReference; lastKnownFileType = text.plist.strings; name = "zh-Hans"; path = "zh-Hans.lproj/Main.strings"; sourceTree = "<group>"; };
		CC0C5E961D48726100713E48 /* zh-Hans */ = {isa = PBXFileReference; lastKnownFileType = text.plist.strings; name = "zh-Hans"; path = "zh-Hans.lproj/LaunchScreen.strings"; sourceTree = "<group>"; };
		CC0C5E971D48726100713E48 /* zh-Hans */ = {isa = PBXFileReference; lastKnownFileType = text.plist.strings; name = "zh-Hans"; path = "zh-Hans.lproj/Localizable.strings"; sourceTree = "<group>"; };
		CC0C5E981D4891D100713E48 /* GoogleService-Info.plist */ = {isa = PBXFileReference; fileEncoding = 4; lastKnownFileType = text.plist.xml; path = "GoogleService-Info.plist"; sourceTree = "<group>"; };
		CC0C5F5C1D48A79200713E48 /* libicucore.A.tbd */ = {isa = PBXFileReference; lastKnownFileType = "sourcecode.text-based-dylib-definition"; name = libicucore.A.tbd; path = usr/lib/libicucore.A.tbd; sourceTree = SDKROOT; };
		CC0C5F5D1D48A79200713E48 /* libicucore.tbd */ = {isa = PBXFileReference; lastKnownFileType = "sourcecode.text-based-dylib-definition"; name = libicucore.tbd; path = usr/lib/libicucore.tbd; sourceTree = SDKROOT; };
		CC76013A1D48ABB10078DBFC /* AdSupport.framework */ = {isa = PBXFileReference; lastKnownFileType = wrapper.framework; name = AdSupport.framework; path = System/Library/Frameworks/AdSupport.framework; sourceTree = SDKROOT; };
		CC76013C1D48ABBD0078DBFC /* AudioToolbox.framework */ = {isa = PBXFileReference; lastKnownFileType = wrapper.framework; name = AudioToolbox.framework; path = System/Library/Frameworks/AudioToolbox.framework; sourceTree = SDKROOT; };
		CC76013E1D48ABC60078DBFC /* AVFoundation.framework */ = {isa = PBXFileReference; lastKnownFileType = wrapper.framework; name = AVFoundation.framework; path = System/Library/Frameworks/AVFoundation.framework; sourceTree = SDKROOT; };
		CC7601401D48ABD80078DBFC /* CoreGraphics.framework */ = {isa = PBXFileReference; lastKnownFileType = wrapper.framework; name = CoreGraphics.framework; path = System/Library/Frameworks/CoreGraphics.framework; sourceTree = SDKROOT; };
		CC7601421D48ABE60078DBFC /* CoreTelephony.framework */ = {isa = PBXFileReference; lastKnownFileType = wrapper.framework; name = CoreTelephony.framework; path = System/Library/Frameworks/CoreTelephony.framework; sourceTree = SDKROOT; };
		CC7601441D48ABEF0078DBFC /* EventKit.framework */ = {isa = PBXFileReference; lastKnownFileType = wrapper.framework; name = EventKit.framework; path = System/Library/Frameworks/EventKit.framework; sourceTree = SDKROOT; };
		CC7601461D48ABF70078DBFC /* EventKitUI.framework */ = {isa = PBXFileReference; lastKnownFileType = wrapper.framework; name = EventKitUI.framework; path = System/Library/Frameworks/EventKitUI.framework; sourceTree = SDKROOT; };
		CC7601481D48AC0A0078DBFC /* MediaPlayer.framework */ = {isa = PBXFileReference; lastKnownFileType = wrapper.framework; name = MediaPlayer.framework; path = System/Library/Frameworks/MediaPlayer.framework; sourceTree = SDKROOT; };
		CC76014A1D48AC120078DBFC /* MessageUI.framework */ = {isa = PBXFileReference; lastKnownFileType = wrapper.framework; name = MessageUI.framework; path = System/Library/Frameworks/MessageUI.framework; sourceTree = SDKROOT; };
		CC76014C1D48AC190078DBFC /* StoreKit.framework */ = {isa = PBXFileReference; lastKnownFileType = wrapper.framework; name = StoreKit.framework; path = System/Library/Frameworks/StoreKit.framework; sourceTree = SDKROOT; };
		CC76014E1D48AC210078DBFC /* SystemConfiguration.framework */ = {isa = PBXFileReference; lastKnownFileType = wrapper.framework; name = SystemConfiguration.framework; path = System/Library/Frameworks/SystemConfiguration.framework; sourceTree = SDKROOT; };
		CCD7B4D11D4766C00084142C /* ClickBomb.app */ = {isa = PBXFileReference; explicitFileType = wrapper.application; includeInIndex = 0; path = ClickBomb.app; sourceTree = BUILT_PRODUCTS_DIR; };
		CCD7B4D51D4766C00084142C /* main.m */ = {isa = PBXFileReference; lastKnownFileType = sourcecode.c.objc; path = main.m; sourceTree = "<group>"; };
		CCD7B4D71D4766C00084142C /* AppDelegate.h */ = {isa = PBXFileReference; lastKnownFileType = sourcecode.c.h; path = AppDelegate.h; sourceTree = "<group>"; };
		CCD7B4D81D4766C00084142C /* AppDelegate.m */ = {isa = PBXFileReference; lastKnownFileType = sourcecode.c.objc; path = AppDelegate.m; sourceTree = "<group>"; };
		CCD7B4DA1D4766C00084142C /* ViewController.h */ = {isa = PBXFileReference; lastKnownFileType = sourcecode.c.h; path = ViewController.h; sourceTree = "<group>"; };
		CCD7B4DB1D4766C00084142C /* ViewController.m */ = {isa = PBXFileReference; lastKnownFileType = sourcecode.c.objc; path = ViewController.m; sourceTree = "<group>"; };
		CCD7B4DE1D4766C00084142C /* Base */ = {isa = PBXFileReference; lastKnownFileType = file.storyboard; name = Base; path = Base.lproj/Main.storyboard; sourceTree = "<group>"; };
		CCD7B4E01D4766C00084142C /* Assets.xcassets */ = {isa = PBXFileReference; lastKnownFileType = folder.assetcatalog; path = Assets.xcassets; sourceTree = "<group>"; };
		CCD7B4E31D4766C00084142C /* Base */ = {isa = PBXFileReference; lastKnownFileType = file.storyboard; name = Base; path = Base.lproj/LaunchScreen.storyboard; sourceTree = "<group>"; };
		CCD7B4E51D4766C00084142C /* Info.plist */ = {isa = PBXFileReference; lastKnownFileType = text.plist.xml; path = Info.plist; sourceTree = "<group>"; };
		CCD7B4EA1D4766C00084142C /* ClickBombTests.xctest */ = {isa = PBXFileReference; explicitFileType = wrapper.cfbundle; includeInIndex = 0; path = ClickBombTests.xctest; sourceTree = BUILT_PRODUCTS_DIR; };
		CCD7B4EE1D4766C00084142C /* ClickBombTests.m */ = {isa = PBXFileReference; lastKnownFileType = sourcecode.c.objc; path = ClickBombTests.m; sourceTree = "<group>"; };
		CCD7B4F01D4766C00084142C /* Info.plist */ = {isa = PBXFileReference; lastKnownFileType = text.plist.xml; path = Info.plist; sourceTree = "<group>"; };
		CCD7B4F51D4766C00084142C /* ClickBombUITests.xctest */ = {isa = PBXFileReference; explicitFileType = wrapper.cfbundle; includeInIndex = 0; path = ClickBombUITests.xctest; sourceTree = BUILT_PRODUCTS_DIR; };
		CCD7B4F91D4766C00084142C /* ClickBombUITests.m */ = {isa = PBXFileReference; lastKnownFileType = sourcecode.c.objc; path = ClickBombUITests.m; sourceTree = "<group>"; };
		CCD7B4FB1D4766C00084142C /* Info.plist */ = {isa = PBXFileReference; lastKnownFileType = text.plist.xml; path = Info.plist; sourceTree = "<group>"; };
		CCD7B5071D476DBE0084142C /* UIView+Geometry.h */ = {isa = PBXFileReference; fileEncoding = 4; lastKnownFileType = sourcecode.c.h; path = "UIView+Geometry.h"; sourceTree = "<group>"; };
		CCD7B5081D476DBE0084142C /* UIView+Geometry.m */ = {isa = PBXFileReference; fileEncoding = 4; lastKnownFileType = sourcecode.c.objc; path = "UIView+Geometry.m"; sourceTree = "<group>"; };
		CCD7B5091D476DBE0084142C /* UIView+IBInspect.h */ = {isa = PBXFileReference; fileEncoding = 4; lastKnownFileType = sourcecode.c.h; path = "UIView+IBInspect.h"; sourceTree = "<group>"; };
		CCD7B50A1D476DBE0084142C /* UIView+IBInspect.m */ = {isa = PBXFileReference; fileEncoding = 4; lastKnownFileType = sourcecode.c.objc; path = "UIView+IBInspect.m"; sourceTree = "<group>"; };
		CCD7B50D1D47725B0084142C /* UIColor+TAToolkit.h */ = {isa = PBXFileReference; fileEncoding = 4; lastKnownFileType = sourcecode.c.h; path = "UIColor+TAToolkit.h"; sourceTree = "<group>"; };
		CCD7B50E1D47725C0084142C /* UIColor+TAToolkit.m */ = {isa = PBXFileReference; fileEncoding = 4; lastKnownFileType = sourcecode.c.objc; path = "UIColor+TAToolkit.m"; sourceTree = "<group>"; };
		CFA2AC59652EF94A80DD68E7 /* Pods-ClickBomb.debug.xcconfig */ = {isa = PBXFileReference; includeInIndex = 1; lastKnownFileType = text.xcconfig; name = "Pods-ClickBomb.debug.xcconfig"; path = "Pods/Target Support Files/Pods-ClickBomb/Pods-ClickBomb.debug.xcconfig"; sourceTree = "<group>"; };
		E2C7D0497E097400CF3590B2 /* Pods-ClickBomb.release.xcconfig */ = {isa = PBXFileReference; includeInIndex = 1; lastKnownFileType = text.xcconfig; name = "Pods-ClickBomb.release.xcconfig"; path = "Pods/Target Support Files/Pods-ClickBomb/Pods-ClickBomb.release.xcconfig"; sourceTree = "<group>"; };
/* End PBXFileReference section */

/* Begin PBXFrameworksBuildPhase section */
		CCD7B4CE1D4766C00084142C /* Frameworks */ = {
			isa = PBXFrameworksBuildPhase;
			buildActionMask = 2147483647;
			files = (
				CC76014F1D48AC210078DBFC /* SystemConfiguration.framework in Frameworks */,
				CC76014D1D48AC190078DBFC /* StoreKit.framework in Frameworks */,
				CC76014B1D48AC120078DBFC /* MessageUI.framework in Frameworks */,
				CC7601491D48AC0A0078DBFC /* MediaPlayer.framework in Frameworks */,
				CC7601471D48ABF70078DBFC /* EventKitUI.framework in Frameworks */,
				CC7601451D48ABEF0078DBFC /* EventKit.framework in Frameworks */,
				CC7601431D48ABE60078DBFC /* CoreTelephony.framework in Frameworks */,
				CC7601411D48ABD80078DBFC /* CoreGraphics.framework in Frameworks */,
				CC76013F1D48ABC60078DBFC /* AVFoundation.framework in Frameworks */,
				CC76013D1D48ABBD0078DBFC /* AudioToolbox.framework in Frameworks */,
				CC76013B1D48ABB10078DBFC /* AdSupport.framework in Frameworks */,
				CC0C5F5E1D48A79200713E48 /* libicucore.A.tbd in Frameworks */,
				CC0C5F5F1D48A79200713E48 /* libicucore.tbd in Frameworks */,
			);
			runOnlyForDeploymentPostprocessing = 0;
		};
		CCD7B4E71D4766C00084142C /* Frameworks */ = {
			isa = PBXFrameworksBuildPhase;
			buildActionMask = 2147483647;
			files = (
			);
			runOnlyForDeploymentPostprocessing = 0;
		};
		CCD7B4F21D4766C00084142C /* Frameworks */ = {
			isa = PBXFrameworksBuildPhase;
			buildActionMask = 2147483647;
			files = (
			);
			runOnlyForDeploymentPostprocessing = 0;
		};
/* End PBXFrameworksBuildPhase section */

/* Begin PBXGroup section */
		002ECD35D1DBBB98601C15EF /* Pods */ = {
			isa = PBXGroup;
			children = (
				CFA2AC59652EF94A80DD68E7 /* Pods-ClickBomb.debug.xcconfig */,
				E2C7D0497E097400CF3590B2 /* Pods-ClickBomb.release.xcconfig */,
				29B5523FF91A0483CE0D9031 /* Pods-ClickBombTests.debug.xcconfig */,
				4375640BF1F4025D4ADC83BA /* Pods-ClickBombTests.release.xcconfig */,
				6491D634D2ED152CAD405A8F /* Pods-ClickBombUITests.debug.xcconfig */,
				358B09994C764BA0EB124035 /* Pods-ClickBombUITests.release.xcconfig */,
			);
			name = Pods;
			sourceTree = "<group>";
		};
		2789DBEA067C05A6DCD5303E /* Frameworks */ = {
			isa = PBXGroup;
			children = (
			);
			name = Frameworks;
			sourceTree = "<group>";
		};
		CC7601391D48AB8A0078DBFC /* FrameWork */ = {
			isa = PBXGroup;
			children = (
				CC76014E1D48AC210078DBFC /* SystemConfiguration.framework */,
				CC76014C1D48AC190078DBFC /* StoreKit.framework */,
				CC76014A1D48AC120078DBFC /* MessageUI.framework */,
				CC7601481D48AC0A0078DBFC /* MediaPlayer.framework */,
				CC7601461D48ABF70078DBFC /* EventKitUI.framework */,
				CC7601441D48ABEF0078DBFC /* EventKit.framework */,
				CC7601421D48ABE60078DBFC /* CoreTelephony.framework */,
				CC7601401D48ABD80078DBFC /* CoreGraphics.framework */,
				CC76013E1D48ABC60078DBFC /* AVFoundation.framework */,
				CC76013C1D48ABBD0078DBFC /* AudioToolbox.framework */,
				CC76013A1D48ABB10078DBFC /* AdSupport.framework */,
				CC0C5F5C1D48A79200713E48 /* libicucore.A.tbd */,
				CC0C5F5D1D48A79200713E48 /* libicucore.tbd */,
			);
			name = FrameWork;
			sourceTree = "<group>";
		};
		CCD7B4C81D4766C00084142C = {
			isa = PBXGroup;
			children = (
				CC7601391D48AB8A0078DBFC /* FrameWork */,
				CCD7B4D31D4766C00084142C /* ClickBomb */,
				CCD7B4ED1D4766C00084142C /* ClickBombTests */,
				CCD7B4F81D4766C00084142C /* ClickBombUITests */,
				CCD7B4D21D4766C00084142C /* Products */,
				002ECD35D1DBBB98601C15EF /* Pods */,
				2789DBEA067C05A6DCD5303E /* Frameworks */,
			);
			sourceTree = "<group>";
		};
		CCD7B4D21D4766C00084142C /* Products */ = {
			isa = PBXGroup;
			children = (
				CCD7B4D11D4766C00084142C /* ClickBomb.app */,
				CCD7B4EA1D4766C00084142C /* ClickBombTests.xctest */,
				CCD7B4F51D4766C00084142C /* ClickBombUITests.xctest */,
			);
			name = Products;
			sourceTree = "<group>";
		};
		CCD7B4D31D4766C00084142C /* ClickBomb */ = {
			isa = PBXGroup;
			children = (
				CCD7B5071D476DBE0084142C /* UIView+Geometry.h */,
				CCD7B5081D476DBE0084142C /* UIView+Geometry.m */,
				CCD7B5091D476DBE0084142C /* UIView+IBInspect.h */,
				CCD7B50A1D476DBE0084142C /* UIView+IBInspect.m */,
				CCD7B50D1D47725B0084142C /* UIColor+TAToolkit.h */,
				CCD7B50E1D47725C0084142C /* UIColor+TAToolkit.m */,
				CCD7B4D41D4766C00084142C /* Supporting Files */,
			);
			path = ClickBomb;
			sourceTree = "<group>";
		};
		CCD7B4D41D4766C00084142C /* Supporting Files */ = {
			isa = PBXGroup;
			children = (
				CCD7B4D71D4766C00084142C /* AppDelegate.h */,
				CCD7B4D81D4766C00084142C /* AppDelegate.m */,
				CCD7B4DA1D4766C00084142C /* ViewController.h */,
				CCD7B4DB1D4766C00084142C /* ViewController.m */,
				CCD7B4DD1D4766C00084142C /* Main.storyboard */,
				CCD7B4E01D4766C00084142C /* Assets.xcassets */,
				CCD7B4E21D4766C00084142C /* LaunchScreen.storyboard */,
				CCD7B4E51D4766C00084142C /* Info.plist */,
				CC0C5E981D4891D100713E48 /* GoogleService-Info.plist */,
				CCD7B4D51D4766C00084142C /* main.m */,
				CC0C5E931D48720A00713E48 /* Localizable.strings */,
			);
			name = "Supporting Files";
			sourceTree = "<group>";
		};
		CCD7B4ED1D4766C00084142C /* ClickBombTests */ = {
			isa = PBXGroup;
			children = (
				CCD7B4EE1D4766C00084142C /* ClickBombTests.m */,
				CCD7B4F01D4766C00084142C /* Info.plist */,
			);
			path = ClickBombTests;
			sourceTree = "<group>";
		};
		CCD7B4F81D4766C00084142C /* ClickBombUITests */ = {
			isa = PBXGroup;
			children = (
				CCD7B4F91D4766C00084142C /* ClickBombUITests.m */,
				CCD7B4FB1D4766C00084142C /* Info.plist */,
			);
			path = ClickBombUITests;
			sourceTree = "<group>";
		};
/* End PBXGroup section */

/* Begin PBXNativeTarget section */
		CCD7B4D01D4766C00084142C /* ClickBomb */ = {
			isa = PBXNativeTarget;
			buildConfigurationList = CCD7B4FE1D4766C00084142C /* Build configuration list for PBXNativeTarget "ClickBomb" */;
			buildPhases = (
				1943F80343921AA10D59895F /* 📦 Check Pods Manifest.lock */,
				CCD7B4CD1D4766C00084142C /* Sources */,
				CCD7B4CE1D4766C00084142C /* Frameworks */,
				CCD7B4CF1D4766C00084142C /* Resources */,
				F0A6D73A52D5A2304C276069 /* 📦 Embed Pods Frameworks */,
				2F67AC139A0EE94C2BC57ECB /* 📦 Copy Pods Resources */,
			);
			buildRules = (
			);
			dependencies = (
			);
			name = ClickBomb;
			productName = ClickBomb;
			productReference = CCD7B4D11D4766C00084142C /* ClickBomb.app */;
			productType = "com.apple.product-type.application";
		};
		CCD7B4E91D4766C00084142C /* ClickBombTests */ = {
			isa = PBXNativeTarget;
			buildConfigurationList = CCD7B5011D4766C00084142C /* Build configuration list for PBXNativeTarget "ClickBombTests" */;
			buildPhases = (
				FC1E1F56C491C01DCA80ABBC /* 📦 Check Pods Manifest.lock */,
				CCD7B4E61D4766C00084142C /* Sources */,
				CCD7B4E71D4766C00084142C /* Frameworks */,
				CCD7B4E81D4766C00084142C /* Resources */,
				EC3F60E5E687C8C218972806 /* 📦 Embed Pods Frameworks */,
				17781995641002B3B96A6C76 /* 📦 Copy Pods Resources */,
			);
			buildRules = (
			);
			dependencies = (
				CCD7B4EC1D4766C00084142C /* PBXTargetDependency */,
			);
			name = ClickBombTests;
			productName = ClickBombTests;
			productReference = CCD7B4EA1D4766C00084142C /* ClickBombTests.xctest */;
			productType = "com.apple.product-type.bundle.unit-test";
		};
		CCD7B4F41D4766C00084142C /* ClickBombUITests */ = {
			isa = PBXNativeTarget;
			buildConfigurationList = CCD7B5041D4766C00084142C /* Build configuration list for PBXNativeTarget "ClickBombUITests" */;
			buildPhases = (
				B9EA766396F67195C1417C43 /* 📦 Check Pods Manifest.lock */,
				CCD7B4F11D4766C00084142C /* Sources */,
				CCD7B4F21D4766C00084142C /* Frameworks */,
				CCD7B4F31D4766C00084142C /* Resources */,
				AC67E6AC56436549DC35A835 /* 📦 Copy Pods Resources */,
			);
			buildRules = (
			);
			dependencies = (
				CCD7B4F71D4766C00084142C /* PBXTargetDependency */,
			);
			name = ClickBombUITests;
			productName = ClickBombUITests;
			productReference = CCD7B4F51D4766C00084142C /* ClickBombUITests.xctest */;
			productType = "com.apple.product-type.bundle.ui-testing";
		};
/* End PBXNativeTarget section */

/* Begin PBXProject section */
		CCD7B4C91D4766C00084142C /* Project object */ = {
			isa = PBXProject;
			attributes = {
				LastUpgradeCheck = 0730;
				ORGANIZATIONNAME = "武淅 段";
				TargetAttributes = {
					CCD7B4D01D4766C00084142C = {
						CreatedOnToolsVersion = 7.3.1;
						DevelopmentTeam = 99BGKUDWHK;
					};
					CCD7B4E91D4766C00084142C = {
						CreatedOnToolsVersion = 7.3.1;
						TestTargetID = CCD7B4D01D4766C00084142C;
					};
					CCD7B4F41D4766C00084142C = {
						CreatedOnToolsVersion = 7.3.1;
						TestTargetID = CCD7B4D01D4766C00084142C;
					};
				};
			};
			buildConfigurationList = CCD7B4CC1D4766C00084142C /* Build configuration list for PBXProject "ClickBomb" */;
			compatibilityVersion = "Xcode 3.2";
			developmentRegion = English;
			hasScannedForEncodings = 0;
			knownRegions = (
				en,
				Base,
				"zh-Hans",
			);
			mainGroup = CCD7B4C81D4766C00084142C;
			productRefGroup = CCD7B4D21D4766C00084142C /* Products */;
			projectDirPath = "";
			projectRoot = "";
			targets = (
				CCD7B4D01D4766C00084142C /* ClickBomb */,
				CCD7B4E91D4766C00084142C /* ClickBombTests */,
				CCD7B4F41D4766C00084142C /* ClickBombUITests */,
			);
		};
/* End PBXProject section */

/* Begin PBXResourcesBuildPhase section */
		CCD7B4CF1D4766C00084142C /* Resources */ = {
			isa = PBXResourcesBuildPhase;
			buildActionMask = 2147483647;
			files = (
				CCD7B4E41D4766C00084142C /* LaunchScreen.storyboard in Resources */,
				CC0C5E911D48720A00713E48 /* Localizable.strings in Resources */,
				CC0C5E991D4891D100713E48 /* GoogleService-Info.plist in Resources */,
				CCD7B4E11D4766C00084142C /* Assets.xcassets in Resources */,
				CCD7B4DF1D4766C00084142C /* Main.storyboard in Resources */,
			);
			runOnlyForDeploymentPostprocessing = 0;
		};
		CCD7B4E81D4766C00084142C /* Resources */ = {
			isa = PBXResourcesBuildPhase;
			buildActionMask = 2147483647;
			files = (
			);
			runOnlyForDeploymentPostprocessing = 0;
		};
		CCD7B4F31D4766C00084142C /* Resources */ = {
			isa = PBXResourcesBuildPhase;
			buildActionMask = 2147483647;
			files = (
			);
			runOnlyForDeploymentPostprocessing = 0;
		};
/* End PBXResourcesBuildPhase section */

/* Begin PBXShellScriptBuildPhase section */
		17781995641002B3B96A6C76 /* 📦 Copy Pods Resources */ = {
			isa = PBXShellScriptBuildPhase;
			buildActionMask = 2147483647;
			files = (
			);
			inputPaths = (
			);
			name = "📦 Copy Pods Resources";
			outputPaths = (
			);
			runOnlyForDeploymentPostprocessing = 0;
			shellPath = /bin/sh;
			shellScript = "\"${SRCROOT}/Pods/Target Support Files/Pods-ClickBombTests/Pods-ClickBombTests-resources.sh\"\n";
			showEnvVarsInLog = 0;
		};
		1943F80343921AA10D59895F /* 📦 Check Pods Manifest.lock */ = {
			isa = PBXShellScriptBuildPhase;
			buildActionMask = 2147483647;
			files = (
			);
			inputPaths = (
			);
			name = "📦 Check Pods Manifest.lock";
			outputPaths = (
			);
			runOnlyForDeploymentPostprocessing = 0;
			shellPath = /bin/sh;
			shellScript = "diff \"${PODS_ROOT}/../Podfile.lock\" \"${PODS_ROOT}/Manifest.lock\" > /dev/null\nif [[ $? != 0 ]] ; then\n    cat << EOM\nerror: The sandbox is not in sync with the Podfile.lock. Run 'pod install' or update your CocoaPods installation.\nEOM\n    exit 1\nfi\n";
			showEnvVarsInLog = 0;
		};
		2F67AC139A0EE94C2BC57ECB /* 📦 Copy Pods Resources */ = {
			isa = PBXShellScriptBuildPhase;
			buildActionMask = 2147483647;
			files = (
			);
			inputPaths = (
			);
			name = "📦 Copy Pods Resources";
			outputPaths = (
			);
			runOnlyForDeploymentPostprocessing = 0;
			shellPath = /bin/sh;
			shellScript = "\"${SRCROOT}/Pods/Target Support Files/Pods-ClickBomb/Pods-ClickBomb-resources.sh\"\n";
			showEnvVarsInLog = 0;
		};
		AC67E6AC56436549DC35A835 /* 📦 Copy Pods Resources */ = {
			isa = PBXShellScriptBuildPhase;
			buildActionMask = 2147483647;
			files = (
			);
			inputPaths = (
			);
			name = "📦 Copy Pods Resources";
			outputPaths = (
			);
			runOnlyForDeploymentPostprocessing = 0;
			shellPath = /bin/sh;
			shellScript = "\"${SRCROOT}/Pods/Target Support Files/Pods-ClickBombUITests/Pods-ClickBombUITests-resources.sh\"\n";
			showEnvVarsInLog = 0;
		};
		B9EA766396F67195C1417C43 /* 📦 Check Pods Manifest.lock */ = {
			isa = PBXShellScriptBuildPhase;
			buildActionMask = 2147483647;
			files = (
			);
			inputPaths = (
			);
			name = "📦 Check Pods Manifest.lock";
			outputPaths = (
			);
			runOnlyForDeploymentPostprocessing = 0;
			shellPath = /bin/sh;
			shellScript = "diff \"${PODS_ROOT}/../Podfile.lock\" \"${PODS_ROOT}/Manifest.lock\" > /dev/null\nif [[ $? != 0 ]] ; then\n    cat << EOM\nerror: The sandbox is not in sync with the Podfile.lock. Run 'pod install' or update your CocoaPods installation.\nEOM\n    exit 1\nfi\n";
			showEnvVarsInLog = 0;
		};
		EC3F60E5E687C8C218972806 /* 📦 Embed Pods Frameworks */ = {
			isa = PBXShellScriptBuildPhase;
			buildActionMask = 2147483647;
			files = (
			);
			inputPaths = (
			);
			name = "📦 Embed Pods Frameworks";
			outputPaths = (
			);
			runOnlyForDeploymentPostprocessing = 0;
			shellPath = /bin/sh;
			shellScript = "\"${SRCROOT}/Pods/Target Support Files/Pods-ClickBombTests/Pods-ClickBombTests-frameworks.sh\"\n";
			showEnvVarsInLog = 0;
		};
		F0A6D73A52D5A2304C276069 /* 📦 Embed Pods Frameworks */ = {
			isa = PBXShellScriptBuildPhase;
			buildActionMask = 2147483647;
			files = (
			);
			inputPaths = (
			);
			name = "📦 Embed Pods Frameworks";
			outputPaths = (
			);
			runOnlyForDeploymentPostprocessing = 0;
			shellPath = /bin/sh;
			shellScript = "\"${SRCROOT}/Pods/Target Support Files/Pods-ClickBomb/Pods-ClickBomb-frameworks.sh\"\n";
			showEnvVarsInLog = 0;
		};
		FC1E1F56C491C01DCA80ABBC /* 📦 Check Pods Manifest.lock */ = {
			isa = PBXShellScriptBuildPhase;
			buildActionMask = 2147483647;
			files = (
			);
			inputPaths = (
			);
			name = "📦 Check Pods Manifest.lock";
			outputPaths = (
			);
			runOnlyForDeploymentPostprocessing = 0;
			shellPath = /bin/sh;
			shellScript = "diff \"${PODS_ROOT}/../Podfile.lock\" \"${PODS_ROOT}/Manifest.lock\" > /dev/null\nif [[ $? != 0 ]] ; then\n    cat << EOM\nerror: The sandbox is not in sync with the Podfile.lock. Run 'pod install' or update your CocoaPods installation.\nEOM\n    exit 1\nfi\n";
			showEnvVarsInLog = 0;
		};
/* End PBXShellScriptBuildPhase section */

/* Begin PBXSourcesBuildPhase section */
		CCD7B4CD1D4766C00084142C /* Sources */ = {
			isa = PBXSourcesBuildPhase;
			buildActionMask = 2147483647;
			files = (
				CCD7B50B1D476DBE0084142C /* UIView+Geometry.m in Sources */,
				CCD7B4DC1D4766C00084142C /* ViewController.m in Sources */,
				CCD7B50C1D476DBE0084142C /* UIView+IBInspect.m in Sources */,
				CCD7B50F1D47725C0084142C /* UIColor+TAToolkit.m in Sources */,
				CCD7B4D91D4766C00084142C /* AppDelegate.m in Sources */,
				CCD7B4D61D4766C00084142C /* main.m in Sources */,
			);
			runOnlyForDeploymentPostprocessing = 0;
		};
		CCD7B4E61D4766C00084142C /* Sources */ = {
			isa = PBXSourcesBuildPhase;
			buildActionMask = 2147483647;
			files = (
				CCD7B4EF1D4766C00084142C /* ClickBombTests.m in Sources */,
			);
			runOnlyForDeploymentPostprocessing = 0;
		};
		CCD7B4F11D4766C00084142C /* Sources */ = {
			isa = PBXSourcesBuildPhase;
			buildActionMask = 2147483647;
			files = (
				CCD7B4FA1D4766C00084142C /* ClickBombUITests.m in Sources */,
			);
			runOnlyForDeploymentPostprocessing = 0;
		};
/* End PBXSourcesBuildPhase section */

/* Begin PBXTargetDependency section */
		CCD7B4EC1D4766C00084142C /* PBXTargetDependency */ = {
			isa = PBXTargetDependency;
			target = CCD7B4D01D4766C00084142C /* ClickBomb */;
			targetProxy = CCD7B4EB1D4766C00084142C /* PBXContainerItemProxy */;
		};
		CCD7B4F71D4766C00084142C /* PBXTargetDependency */ = {
			isa = PBXTargetDependency;
			target = CCD7B4D01D4766C00084142C /* ClickBomb */;
			targetProxy = CCD7B4F61D4766C00084142C /* PBXContainerItemProxy */;
		};
/* End PBXTargetDependency section */

/* Begin PBXVariantGroup section */
		CC0C5E931D48720A00713E48 /* Localizable.strings */ = {
			isa = PBXVariantGroup;
			children = (
				CC0C5E921D48720A00713E48 /* en */,
				CC0C5E971D48726100713E48 /* zh-Hans */,
			);
			name = Localizable.strings;
			sourceTree = "<group>";
		};
		CCD7B4DD1D4766C00084142C /* Main.storyboard */ = {
			isa = PBXVariantGroup;
			children = (
				CCD7B4DE1D4766C00084142C /* Base */,
				CC0C5E951D48726100713E48 /* zh-Hans */,
			);
			name = Main.storyboard;
			sourceTree = "<group>";
		};
		CCD7B4E21D4766C00084142C /* LaunchScreen.storyboard */ = {
			isa = PBXVariantGroup;
			children = (
				CCD7B4E31D4766C00084142C /* Base */,
				CC0C5E961D48726100713E48 /* zh-Hans */,
			);
			name = LaunchScreen.storyboard;
			sourceTree = "<group>";
		};
/* End PBXVariantGroup section */

/* Begin XCBuildConfiguration section */
		CCD7B4FC1D4766C00084142C /* Debug */ = {
			isa = XCBuildConfiguration;
			buildSettings = {
				ALWAYS_SEARCH_USER_PATHS = NO;
				CLANG_ANALYZER_NONNULL = YES;
				CLANG_CXX_LANGUAGE_STANDARD = "gnu++0x";
				CLANG_CXX_LIBRARY = "libc++";
				CLANG_ENABLE_MODULES = YES;
				CLANG_ENABLE_OBJC_ARC = YES;
				CLANG_WARN_BOOL_CONVERSION = YES;
				CLANG_WARN_CONSTANT_CONVERSION = YES;
				CLANG_WARN_DIRECT_OBJC_ISA_USAGE = YES_ERROR;
				CLANG_WARN_EMPTY_BODY = YES;
				CLANG_WARN_ENUM_CONVERSION = YES;
				CLANG_WARN_INT_CONVERSION = YES;
				CLANG_WARN_OBJC_ROOT_CLASS = YES_ERROR;
				CLANG_WARN_UNREACHABLE_CODE = YES;
				CLANG_WARN__DUPLICATE_METHOD_MATCH = YES;
				"CODE_SIGN_IDENTITY[sdk=iphoneos*]" = "iPhone Developer";
				COPY_PHASE_STRIP = NO;
				DEBUG_INFORMATION_FORMAT = dwarf;
				ENABLE_STRICT_OBJC_MSGSEND = YES;
				ENABLE_TESTABILITY = YES;
				GCC_C_LANGUAGE_STANDARD = gnu99;
				GCC_DYNAMIC_NO_PIC = NO;
				GCC_NO_COMMON_BLOCKS = YES;
				GCC_OPTIMIZATION_LEVEL = 0;
				GCC_PREPROCESSOR_DEFINITIONS = (
					"DEBUG=1",
					"$(inherited)",
				);
				GCC_WARN_64_TO_32_BIT_CONVERSION = YES;
				GCC_WARN_ABOUT_RETURN_TYPE = YES_ERROR;
				GCC_WARN_UNDECLARED_SELECTOR = YES;
				GCC_WARN_UNINITIALIZED_AUTOS = YES_AGGRESSIVE;
				GCC_WARN_UNUSED_FUNCTION = YES;
				GCC_WARN_UNUSED_VARIABLE = YES;
				IPHONEOS_DEPLOYMENT_TARGET = 9.3;
				MTL_ENABLE_DEBUG_INFO = YES;
				ONLY_ACTIVE_ARCH = YES;
				OTHER_LDFLAGS = (
					"$(OTHER_LDFLAGS)",
					"-ObjC",
				);
				OTHER_LIBTOOLFLAGS = "";
				SDKROOT = iphoneos;
			};
			name = Debug;
		};
		CCD7B4FD1D4766C00084142C /* Release */ = {
			isa = XCBuildConfiguration;
			buildSettings = {
				ALWAYS_SEARCH_USER_PATHS = NO;
				CLANG_ANALYZER_NONNULL = YES;
				CLANG_CXX_LANGUAGE_STANDARD = "gnu++0x";
				CLANG_CXX_LIBRARY = "libc++";
				CLANG_ENABLE_MODULES = YES;
				CLANG_ENABLE_OBJC_ARC = YES;
				CLANG_WARN_BOOL_CONVERSION = YES;
				CLANG_WARN_CONSTANT_CONVERSION = YES;
				CLANG_WARN_DIRECT_OBJC_ISA_USAGE = YES_ERROR;
				CLANG_WARN_EMPTY_BODY = YES;
				CLANG_WARN_ENUM_CONVERSION = YES;
				CLANG_WARN_INT_CONVERSION = YES;
				CLANG_WARN_OBJC_ROOT_CLASS = YES_ERROR;
				CLANG_WARN_UNREACHABLE_CODE = YES;
				CLANG_WARN__DUPLICATE_METHOD_MATCH = YES;
				"CODE_SIGN_IDENTITY[sdk=iphoneos*]" = "iPhone Developer";
				COPY_PHASE_STRIP = NO;
				DEBUG_INFORMATION_FORMAT = "dwarf-with-dsym";
				ENABLE_NS_ASSERTIONS = NO;
				ENABLE_STRICT_OBJC_MSGSEND = YES;
				GCC_C_LANGUAGE_STANDARD = gnu99;
				GCC_NO_COMMON_BLOCKS = YES;
				GCC_WARN_64_TO_32_BIT_CONVERSION = YES;
				GCC_WARN_ABOUT_RETURN_TYPE = YES_ERROR;
				GCC_WARN_UNDECLARED_SELECTOR = YES;
				GCC_WARN_UNINITIALIZED_AUTOS = YES_AGGRESSIVE;
				GCC_WARN_UNUSED_FUNCTION = YES;
				GCC_WARN_UNUSED_VARIABLE = YES;
				IPHONEOS_DEPLOYMENT_TARGET = 9.3;
				MTL_ENABLE_DEBUG_INFO = NO;
				OTHER_LDFLAGS = (
					"$(OTHER_LDFLAGS)",
					"-ObjC",
				);
				OTHER_LIBTOOLFLAGS = "";
				SDKROOT = iphoneos;
				VALIDATE_PRODUCT = YES;
			};
			name = Release;
		};
		CCD7B4FF1D4766C00084142C /* Debug */ = {
			isa = XCBuildConfiguration;
			baseConfigurationReference = CFA2AC59652EF94A80DD68E7 /* Pods-ClickBomb.debug.xcconfig */;
			buildSettings = {
				ASSETCATALOG_COMPILER_APPICON_NAME = AppIcon;
				CODE_SIGN_IDENTITY = "iPhone Developer";
				FRAMEWORK_SEARCH_PATHS = (
					"$(inherited)",
					"$(PROJECT_DIR)/Firebase/RemoteConfig",
					"$(PROJECT_DIR)/Firebase/Storage",
					"$(PROJECT_DIR)/Firebase/Invites",
					"$(PROJECT_DIR)/Firebase/Messaging",
					"$(PROJECT_DIR)/Firebase/Database",
					"$(PROJECT_DIR)/Firebase/DynamicLinks",
					"$(PROJECT_DIR)/Firebase/Crash",
					"$(PROJECT_DIR)/Firebase/AppIndexing",
					"$(PROJECT_DIR)/Firebase/Auth",
					"$(PROJECT_DIR)/Firebase/AdMob",
					"$(PROJECT_DIR)/Firebase/Analytics",
				);
				INFOPLIST_FILE = ClickBomb/Info.plist;
				IPHONEOS_DEPLOYMENT_TARGET = 8.1;
				LD_RUNPATH_SEARCH_PATHS = "$(inherited) @executable_path/Frameworks";
				PRODUCT_BUNDLE_IDENTIFIER = com.wuxi.StrongestMemory;
				PRODUCT_NAME = "$(TARGET_NAME)";
			};
			name = Debug;
		};
		CCD7B5001D4766C00084142C /* Release */ = {
			isa = XCBuildConfiguration;
			baseConfigurationReference = E2C7D0497E097400CF3590B2 /* Pods-ClickBomb.release.xcconfig */;
			buildSettings = {
				ASSETCATALOG_COMPILER_APPICON_NAME = AppIcon;
				CODE_SIGN_IDENTITY = "iPhone Developer";
				FRAMEWORK_SEARCH_PATHS = (
					"$(inherited)",
					"$(PROJECT_DIR)/Firebase/RemoteConfig",
					"$(PROJECT_DIR)/Firebase/Storage",
					"$(PROJECT_DIR)/Firebase/Invites",
					"$(PROJECT_DIR)/Firebase/Messaging",
					"$(PROJECT_DIR)/Firebase/Database",
					"$(PROJECT_DIR)/Firebase/DynamicLinks",
					"$(PROJECT_DIR)/Firebase/Crash",
					"$(PROJECT_DIR)/Firebase/AppIndexing",
					"$(PROJECT_DIR)/Firebase/Auth",
					"$(PROJECT_DIR)/Firebase/AdMob",
					"$(PROJECT_DIR)/Firebase/Analytics",
				);
				INFOPLIST_FILE = ClickBomb/Info.plist;
				IPHONEOS_DEPLOYMENT_TARGET = 8.1;
				LD_RUNPATH_SEARCH_PATHS = "$(inherited) @executable_path/Frameworks";
				PRODUCT_BUNDLE_IDENTIFIER = com.wuxi.StrongestMemory;
				PRODUCT_NAME = "$(TARGET_NAME)";
			};
			name = Release;
		};
		CCD7B5021D4766C00084142C /* Debug */ = {
			isa = XCBuildConfiguration;
			baseConfigurationReference = 29B5523FF91A0483CE0D9031 /* Pods-ClickBombTests.debug.xcconfig */;
			buildSettings = {
				BUNDLE_LOADER = "$(TEST_HOST)";
				INFOPLIST_FILE = ClickBombTests/Info.plist;
				LD_RUNPATH_SEARCH_PATHS = "$(inherited) @executable_path/Frameworks @loader_path/Frameworks";
				PRODUCT_BUNDLE_IDENTIFIER = com.duan.ClickBombTests;
				PRODUCT_NAME = "$(TARGET_NAME)";
				TEST_HOST = "$(BUILT_PRODUCTS_DIR)/ClickBomb.app/ClickBomb";
			};
			name = Debug;
		};
		CCD7B5031D4766C00084142C /* Release */ = {
			isa = XCBuildConfiguration;
			baseConfigurationReference = 4375640BF1F4025D4ADC83BA /* Pods-ClickBombTests.release.xcconfig */;
			buildSettings = {
				BUNDLE_LOADER = "$(TEST_HOST)";
				INFOPLIST_FILE = ClickBombTests/Info.plist;
				LD_RUNPATH_SEARCH_PATHS = "$(inherited) @executable_path/Frameworks @loader_path/Frameworks";
				PRODUCT_BUNDLE_IDENTIFIER = com.duan.ClickBombTests;
				PRODUCT_NAME = "$(TARGET_NAME)";
				TEST_HOST = "$(BUILT_PRODUCTS_DIR)/ClickBomb.app/ClickBomb";
			};
			name = Release;
		};
		CCD7B5051D4766C00084142C /* Debug */ = {
			isa = XCBuildConfiguration;
			baseConfigurationReference = 6491D634D2ED152CAD405A8F /* Pods-ClickBombUITests.debug.xcconfig */;
			buildSettings = {
				INFOPLIST_FILE = ClickBombUITests/Info.plist;
				LD_RUNPATH_SEARCH_PATHS = "$(inherited) @executable_path/Frameworks @loader_path/Frameworks";
				PRODUCT_BUNDLE_IDENTIFIER = com.duan.ClickBombUITests;
				PRODUCT_NAME = "$(TARGET_NAME)";
				TEST_TARGET_NAME = ClickBomb;
			};
			name = Debug;
		};
		CCD7B5061D4766C00084142C /* Release */ = {
			isa = XCBuildConfiguration;
			baseConfigurationReference = 358B09994C764BA0EB124035 /* Pods-ClickBombUITests.release.xcconfig */;
			buildSettings = {
				INFOPLIST_FILE = ClickBombUITests/Info.plist;
				LD_RUNPATH_SEARCH_PATHS = "$(inherited) @executable_path/Frameworks @loader_path/Frameworks";
				PRODUCT_BUNDLE_IDENTIFIER = com.duan.ClickBombUITests;
				PRODUCT_NAME = "$(TARGET_NAME)";
				TEST_TARGET_NAME = ClickBomb;
			};
			name = Release;
		};
/* End XCBuildConfiguration section */

/* Begin XCConfigurationList section */
		CCD7B4CC1D4766C00084142C /* Build configuration list for PBXProject "ClickBomb" */ = {
			isa = XCConfigurationList;
			buildConfigurations = (
				CCD7B4FC1D4766C00084142C /* Debug */,
				CCD7B4FD1D4766C00084142C /* Release */,
			);
			defaultConfigurationIsVisible = 0;
			defaultConfigurationName = Release;
		};
		CCD7B4FE1D4766C00084142C /* Build configuration list for PBXNativeTarget "ClickBomb" */ = {
			isa = XCConfigurationList;
			buildConfigurations = (
				CCD7B4FF1D4766C00084142C /* Debug */,
				CCD7B5001D4766C00084142C /* Release */,
			);
			defaultConfigurationIsVisible = 0;
			defaultConfigurationName = Release;
		};
		CCD7B5011D4766C00084142C /* Build configuration list for PBXNativeTarget "ClickBombTests" */ = {
			isa = XCConfigurationList;
			buildConfigurations = (
				CCD7B5021D4766C00084142C /* Debug */,
				CCD7B5031D4766C00084142C /* Release */,
			);
			defaultConfigurationIsVisible = 0;
			defaultConfigurationName = Release;
		};
		CCD7B5041D4766C00084142C /* Build configuration list for PBXNativeTarget "ClickBombUITests" */ = {
			isa = XCConfigurationList;
			buildConfigurations = (
				CCD7B5051D4766C00084142C /* Debug */,
				CCD7B5061D4766C00084142C /* Release */,
			);
			defaultConfigurationIsVisible = 0;
			defaultConfigurationName = Release;
		};
/* End XCConfigurationList section */
	};
	rootObject = CCD7B4C91D4766C00084142C /* Project object */;
}
